// !$*UTF8*$!
{
	archiveVersion = 1;
	classes = {
	};
	objectVersion = 46;
	objects = {

/* Begin PBXBuildFile section */
		8BBF67D21CFDF0870018BFC7 /* main.m in Sources */ = {isa = PBXBuildFile; fileRef = 8BBF67D11CFDF0870018BFC7 /* main.m */; };
		8BBF67D51CFDF0870018BFC7 /* AppDelegate.m in Sources */ = {isa = PBXBuildFile; fileRef = 8BBF67D41CFDF0870018BFC7 /* AppDelegate.m */; };
		8BBF67D81CFDF0870018BFC7 /* ViewController.m in Sources */ = {isa = PBXBuildFile; fileRef = 8BBF67D71CFDF0870018BFC7 /* ViewController.m */; };
		8BBF67DB1CFDF0870018BFC7 /* Main.storyboard in Resources */ = {isa = PBXBuildFile; fileRef = 8BBF67D91CFDF0870018BFC7 /* Main.storyboard */; };
		8BBF67DD1CFDF0870018BFC7 /* Assets.xcassets in Resources */ = {isa = PBXBuildFile; fileRef = 8BBF67DC1CFDF0870018BFC7 /* Assets.xcassets */; };
		8BBF67E01CFDF0870018BFC7 /* LaunchScreen.storyboard in Resources */ = {isa = PBXBuildFile; fileRef = 8BBF67DE1CFDF0870018BFC7 /* LaunchScreen.storyboard */; };
/* End PBXBuildFile section */

/* Begin PBXFileReference section */
		8BBF67CD1CFDF0870018BFC7 /* dasd.app */ = {isa = PBXFileReference; explicitFileType = wrapper.application; includeInIndex = 0; path = dasd.app; sourceTree = BUILT_PRODUCTS_DIR; };
		8BBF67D11CFDF0870018BFC7 /* main.m */ = {isa = PBXFileReference; lastKnownFileType = sourcecode.c.objc; path = main.m; sourceTree = "<group>"; };
		8BBF67D31CFDF0870018BFC7 /* AppDelegate.h */ = {isa = PBXFileReference; lastKnownFileType = sourcecode.c.h; path = AppDelegate.h; sourceTree = "<group>"; };
		8BBF67D41CFDF0870018BFC7 /* AppDelegate.m */ = {isa = PBXFileReference; lastKnownFileType = sourcecode.c.objc; path = AppDelegate.m; sourceTree = "<group>"; };
		8BBF67D61CFDF0870018BFC7 /* ViewController.h */ = {isa = PBXFileReference; lastKnownFileType = sourcecode.c.h; path = ViewController.h; sourceTree = "<group>"; };
		8BBF67D71CFDF0870018BFC7 /* ViewController.m */ = {isa = PBXFileReference; lastKnownFileType = sourcecode.c.objc; path = ViewController.m; sourceTree = "<group>"; };
		8BBF67DA1CFDF0870018BFC7 /* Base */ = {isa = PBXFileReference; lastKnownFileType = file.storyboard; name = Base; path = Base.lproj/Main.storyboard; sourceTree = "<group>"; };
		8BBF67DC1CFDF0870018BFC7 /* Assets.xcassets */ = {isa = PBXFileReference; lastKnownFileType = folder.assetcatalog; path = Assets.xcassets; sourceTree = "<group>"; };
		8BBF67DF1CFDF0870018BFC7 /* Base */ = {isa = PBXFileReference; lastKnownFileType = file.storyboard; name = Base; path = Base.lproj/LaunchScreen.storyboard; sourceTree = "<group>"; };
		8BBF67E11CFDF0870018BFC7 /* Info.plist */ = {isa = PBXFileReference; lastKnownFileType = text.plist.xml; path = Info.plist; sourceTree = "<group>"; };
/* End PBXFileReference section */

/* Begin PBXFrameworksBuildPhase section */
		8BBF67CA1CFDF0870018BFC7 /* Frameworks */ = {
			isa = PBXFrameworksBuildPhase;
			buildActionMask = 2147483647;
			files = (
			);
			runOnlyForDeploymentPostprocessing = 0;
		};
/* End PBXFrameworksBuildPhase section */

/* Begin PBXGroup section */
		8BBF67C41CFDF0870018BFC7 = {
			isa = PBXGroup;
			children = (
				8BBF67CF1CFDF0870018BFC7 /* dasd */,
				8BBF67CE1CFDF0870018BFC7 /* Products */,
			);
			sourceTree = "<group>";
		};
		8BBF67CE1CFDF0870018BFC7 /* Products */ = {
			isa = PBXGroup;
			children = (
				8BBF67CD1CFDF0870018BFC7 /* dasd.app */,
			);
			name = Products;
			sourceTree = "<group>";
		};
		8BBF67CF1CFDF0870018BFC7 /* dasd */ = {
			isa = PBXGroup;
			children = (
				8BBF67D31CFDF0870018BFC7 /* AppDelegate.h */,
				8BBF67D41CFDF0870018BFC7 /* AppDelegate.m */,
				8BBF67D61CFDF0870018BFC7 /* ViewController.h */,
				8BBF67D71CFDF0870018BFC7 /* ViewController.m */,
				8BBF67D91CFDF0870018BFC7 /* Main.storyboard */,
				8BBF67DC1CFDF0870018BFC7 /* Assets.xcassets */,
				8BBF67DE1CFDF0870018BFC7 /* LaunchScreen.storyboard */,
				8BBF67E11CFDF0870018BFC7 /* Info.plist */,
				8BBF67D01CFDF0870018BFC7 /* Supporting Files */,
			);
			path = dasd;
			sourceTree = "<group>";
		};
		8BBF67D01CFDF0870018BFC7 /* Supporting Files */ = {
			isa = PBXGroup;
			children = (
				8BBF67D11CFDF0870018BFC7 /* main.m */,
			);
			name = "Supporting Files";
			sourceTree = "<group>";
		};
/* End PBXGroup section */

/* Begin PBXNativeTarget section */
		8BBF67CC1CFDF0870018BFC7 /* dasd */ = {
			isa = PBXNativeTarget;
			buildConfigurationList = 8BBF67E41CFDF0870018BFC7 /* Build configuration list for PBXNativeTarget "dasd" */;
			buildPhases = (
				8BBF67C91CFDF0870018BFC7 /* Sources */,
				8BBF67CA1CFDF0870018BFC7 /* Frameworks */,
				8BBF67CB1CFDF0870018BFC7 /* Resources */,
			);
			buildRules = (
			);
			dependencies = (
			);
			name = dasd;
			productName = dasd;
			productReference = 8BBF67CD1CFDF0870018BFC7 /* dasd.app */;
			productType = "com.apple.product-type.application";
		};
/* End PBXNativeTarget section */

/* Begin PBXProject section */
		8BBF67C51CFDF0870018BFC7 /* Project object */ = {
			isa = PBXProject;
			attributes = {
				LastUpgradeCheck = 0730;
				ORGANIZATIONNAME = Clark;
				TargetAttributes = {
					8BBF67CC1CFDF0870018BFC7 = {
						CreatedOnToolsVersion = 7.3;
					};
				};
			};
			buildConfigurationList = 8BBF67C81CFDF0870018BFC7 /* Build configuration list for PBXProject "dasd" */;
			compatibilityVersion = "Xcode 3.2";
			developmentRegion = English;
			hasScannedForEncodings = 0;
			knownRegions = (
				en,
				Base,
			);
			mainGroup = 8BBF67C41CFDF0870018BFC7;
			productRefGroup = 8BBF67CE1CFDF0870018BFC7 /* Products */;
			projectDirPath = "";
			projectRoot = "";
			targets = (
				8BBF67CC1CFDF0870018BFC7 /* dasd */,
			);
		};
/* End PBXProject section */

/* Begin PBXResourcesBuildPhase section */
		8BBF67CB1CFDF0870018BFC7 /* Resources */ = {
			isa = PBXResourcesBuildPhase;
			buildActionMask = 2147483647;
			files = (
				8BBF67E01CFDF0870018BFC7 /* LaunchScreen.storyboard in Resources */,
				8BBF67DD1CFDF0870018BFC7 /* Assets.xcassets in Resources */,
				8BBF67DB1CFDF0870018BFC7 /* Main.storyboard in Resources */,
			);
			runOnlyForDeploymentPostprocessing = 0;
		};
/* End PBXResourcesBuildPhase section */

/* Begin PBXSourcesBuildPhase section */
		8BBF67C91CFDF0870018BFC7 /* Sources */ = {
			isa = PBXSourcesBuildPhase;
			buildActionMask = 2147483647;
			files = (
				8BBF67D81CFDF0870018BFC7 /* ViewController.m in Sources */,
				8BBF67D51CFDF0870018BFC7 /* AppDelegate.m in Sources */,
				8BBF67D21CFDF0870018BFC7 /* main.m in Sources */,
			);
			runOnlyForDeploymentPostprocessing = 0;
		};
/* End PBXSourcesBuildPhase section */

/* Begin PBXVariantGroup section */
		8BBF67D91CFDF0870018BFC7 /* Main.storyboard */ = {
			isa = PBXVariantGroup;
			children = (
				8BBF67DA1CFDF0870018BFC7 /* Base */,
			);
			name = Main.storyboard;
			sourceTree = "<group>";
		};
		8BBF67DE1CFDF0870018BFC7 /* LaunchScreen.storyboard */ = {
			isa = PBXVariantGroup;
			children = (
				8BBF67DF1CFDF0870018BFC7 /* Base */,
			);
			name = LaunchScreen.storyboard;
			sourceTree = "<group>";
		};
/* End PBXVariantGroup section */

/* Begin XCBuildConfiguration section */
		8BBF67E21CFDF0870018BFC7 /* Debug */ = {
			isa = XCBuildConfiguration;
			buildSettings = {
				ALWAYS_SEARCH_USER_PATHS = NO;
				CLANG_ANALYZER_NONNULL = YES;
				CLANG_CXX_LANGUAGE_STANDARD = "gnu++0x";
				CLANG_CXX_LIBRARY = "libc++";
				CLANG_ENABLE_MODULES = YES;
				CLANG_ENABLE_OBJC_ARC = YES;
				CLANG_WARN_BOOL_CONVERSION = YES;
				CLANG_WARN_CONSTANT_CONVERSION = YES;
				CLANG_WARN_DIRECT_OBJC_ISA_USAGE = YES_ERROR;
				CLANG_WARN_EMPTY_BODY = YES;
				CLANG_WARN_ENUM_CONVERSION = YES;
				CLANG_WARN_INT_CONVERSION = YES;
				CLANG_WARN_OBJC_ROOT_CLASS = YES_ERROR;
				CLANG_WARN_UNREACHABLE_CODE = YES;
				CLANG_WARN__DUPLICATE_METHOD_MATCH = YES;
				"CODE_SIGN_IDENTITY[sdk=iphoneos*]" = "iPhone Developer";
				COPY_PHASE_STRIP = NO;
				DEBUG_INFORMATION_FORMAT = dwarf;
				ENABLE_STRICT_OBJC_MSGSEND = YES;
				ENABLE_TESTABILITY = YES;
				GCC_C_LANGUAGE_STANDARD = gnu99;
				GCC_DYNAMIC_NO_PIC = NO;
				GCC_NO_COMMON_BLOCKS = YES;
				GCC_OPTIMIZATION_LEVEL = 0;
				GCC_PREPROCESSOR_DEFINITIONS = (
					"DEBUG=1",
					"$(inherited)",
				);
				GCC_WARN_64_TO_32_BIT_CONVERSION = YES;
				GCC_WARN_ABOUT_RETURN_TYPE = YES_ERROR;
				GCC_WARN_UNDECLARED_SELECTOR = YES;
				GCC_WARN_UNINITIALIZED_AUTOS = YES_AGGRESSIVE;
				GCC_WARN_UNUSED_FUNCTION = YES;
				GCC_WARN_UNUSED_VARIABLE = YES;
				IPHONEOS_DEPLOYMENT_TARGET = 9.3;
				MTL_ENABLE_DEBUG_INFO = YES;
				ONLY_ACTIVE_ARCH = YES;
				SDKROOT = iphoneos;
				TARGETED_DEVICE_FAMILY = "1,2";
			};
			name = Debug;
		};
		8BBF67E31CFDF0870018BFC7 /* Release */ = {
			isa = XCBuildConfiguration;
			buildSettings = {
				ALWAYS_SEARCH_USER_PATHS = NO;
				CLANG_ANALYZER_NONNULL = YES;
				CLANG_CXX_LANGUAGE_STANDARD = "gnu++0x";
				CLANG_CXX_LIBRARY = "libc++";
				CLANG_ENABLE_MODULES = YES;
				CLANG_ENABLE_OBJC_ARC = YES;
				CLANG_WARN_BOOL_CONVERSION = YES;
				CLANG_WARN_CONSTANT_CONVERSION = YES;
				CLANG_WARN_DIRECT_OBJC_ISA_USAGE = YES_ERROR;
				CLANG_WARN_EMPTY_BODY = YES;
				CLANG_WARN_ENUM_CONVERSION = YES;
				CLANG_WARN_INT_CONVERSION = YES;
				CLANG_WARN_OBJC_ROOT_CLASS = YES_ERROR;
				CLANG_WARN_UNREACHABLE_CODE = YES;
				CLANG_WARN__DUPLICATE_METHOD_MATCH = YES;
				"CODE_SIGN_IDENTITY[sdk=iphoneos*]" = "iPhone Developer";
				COPY_PHASE_STRIP = NO;
				DEBUG_INFORMATION_FORMAT = "dwarf-with-dsym";
				ENABLE_NS_ASSERTIONS = NO;
				ENABLE_STRICT_OBJC_MSGSEND = YES;
				GCC_C_LANGUAGE_STANDARD = gnu99;
				GCC_NO_COMMON_BLOCKS = YES;
				GCC_WARN_64_TO_32_BIT_CONVERSION = YES;
				GCC_WARN_ABOUT_RETURN_TYPE = YES_ERROR;
				GCC_WARN_UNDECLARED_SELECTOR = YES;
				GCC_WARN_UNINITIALIZED_AUTOS = YES_AGGRESSIVE;
				GCC_WARN_UNUSED_FUNCTION = YES;
				GCC_WARN_UNUSED_VARIABLE = YES;
				IPHONEOS_DEPLOYMENT_TARGET = 9.3;
				MTL_ENABLE_DEBUG_INFO = NO;
				SDKROOT = iphoneos;
				TARGETED_DEVICE_FAMILY = "1,2";
				VALIDATE_PRODUCT = YES;
			};
			name = Release;
		};
		8BBF67E51CFDF0870018BFC7 /* Debug */ = {
			isa = XCBuildConfiguration;
			buildSettings = {
				ASSETCATALOG_COMPILER_APPICON_NAME = AppIcon;
				INFOPLIST_FILE = dasd/Info.plist;
				LD_RUNPATH_SEARCH_PATHS = "$(inherited) @executable_path/Frameworks";
				PRODUCT_BUNDLE_IDENTIFIER = Clark.dasd;
				PRODUCT_NAME = "$(TARGET_NAME)";
			};
			name = Debug;
		};
		8BBF67E61CFDF0870018BFC7 /* Release */ = {
			isa = XCBuildConfiguration;
			buildSettings = {
				ASSETCATALOG_COMPILER_APPICON_NAME = AppIcon;
				INFOPLIST_FILE = dasd/Info.plist;
				LD_RUNPATH_SEARCH_PATHS = "$(inherited) @executable_path/Frameworks";
				PRODUCT_BUNDLE_IDENTIFIER = Clark.dasd;
				PRODUCT_NAME = "$(TARGET_NAME)";
			};
			name = Release;
		};
/* End XCBuildConfiguration section */

/* Begin XCConfigurationList section */
		8BBF67C81CFDF0870018BFC7 /* Build configuration list for PBXProject "dasd" */ = {
			isa = XCConfigurationList;
			buildConfigurations = (
				8BBF67E21CFDF0870018BFC7 /* Debug */,
				8BBF67E31CFDF0870018BFC7 /* Release */,
			);
			defaultConfigurationIsVisible = 0;
			defaultConfigurationName = Release;
		};
		8BBF67E41CFDF0870018BFC7 /* Build configuration list for PBXNativeTarget "dasd" */ = {
			isa = XCConfigurationList;
			buildConfigurations = (
				8BBF67E51CFDF0870018BFC7 /* Debug */,
				8BBF67E61CFDF0870018BFC7 /* Release */,
			);
			defaultConfigurationIsVisible = 0;
		};
/* End XCConfigurationList section */
	};
	rootObject = 8BBF67C51CFDF0870018BFC7 /* Project object */;
}
